
Microsoft Visual Studio Solution File, Format Version 12.00
# Visual Studio Version 17
VisualStudioVersion = 17.9.34728.123
MinimumVisualStudioVersion = 10.0.40219.1
Project("{FAE04EC0-301F-11D3-BF4B-00C04F79EFBC}") = "WeebTrashInventoryPOC", "WeebTrashInventoryPOC\WeebTrashInventoryPOC.csproj", "{EFD80E02-1215-4324-B6F1-628135C67B09}"
EndProject
Global
	GlobalSection(SolutionConfigurationPlatforms) = preSolution
		Debug|Any CPU = Debug|Any CPU
		Release|Any CPU = Release|Any CPU
	EndGlobalSection
	GlobalSection(ProjectConfigurationPlatforms) = postSolution
		{EFD80E02-1215-4324-B6F1-628135C67B09}.Debug|Any CPU.ActiveCfg = Debug|Any CPU
		{EFD80E02-1215-4324-B6F1-628135C67B09}.Debug|Any CPU.Build.0 = Debug|Any CPU
		{EFD80E02-1215-4324-B6F1-628135C67B09}.Release|Any CPU.ActiveCfg = Release|Any CPU
		{EFD80E02-1215-4324-B6F1-628135C67B09}.Release|Any CPU.Build.0 = Release|Any CPU
	EndGlobalSection
	GlobalSection(SolutionProperties) = preSolution
		HideSolutionNode = FALSE
	EndGlobalSection
	GlobalSection(ExtensibilityGlobals) = postSolution
		SolutionGuid = {8FEE1CB6-377A-4819-BE17-F892FA28DCD4}
	EndGlobalSection
EndGlobal
